
Microsoft Visual Studio Solution File, Format Version 12.00
# Visual Studio Version 17
VisualStudioVersion = 17.5.33414.496
MinimumVisualStudioVersion = 10.0.40219.1
Project("{FAE04EC0-301F-11D3-BF4B-00C04F79EFBC}") = "ex01", "ex01\ex01.csproj", "{C1F0AC49-77A9-41BB-9C15-7A27D9E3E924}"
EndProject
Project("{FAE04EC0-301F-11D3-BF4B-00C04F79EFBC}") = "ex02", "ex02\ex02.csproj", "{7F78E617-27A4-4EFF-8A40-47EC346835E5}"
EndProject
Project("{FAE04EC0-301F-11D3-BF4B-00C04F79EFBC}") = "ex03", "ex03\ex03.csproj", "{1A0D2CBA-33D4-4204-AF8F-DEE05AC0E5DE}"
EndProject
Project("{FAE04EC0-301F-11D3-BF4B-00C04F79EFBC}") = "ex04", "ex04\ex04.csproj", "{0A42EFB8-4D3C-43A6-9830-CB244CC53E13}"
EndProject
Project("{FAE04EC0-301F-11D3-BF4B-00C04F79EFBC}") = "ex05", "ex05\ex05.csproj", "{AAED278A-C09E-4B1B-B49D-B13A5CA145A7}"
EndProject
Global
	GlobalSection(SolutionConfigurationPlatforms) = preSolution
		Debug|Any CPU = Debug|Any CPU
		Release|Any CPU = Release|Any CPU
	EndGlobalSection
	GlobalSection(ProjectConfigurationPlatforms) = postSolution
		{C1F0AC49-77A9-41BB-9C15-7A27D9E3E924}.Debug|Any CPU.ActiveCfg = Debug|Any CPU
		{C1F0AC49-77A9-41BB-9C15-7A27D9E3E924}.Debug|Any CPU.Build.0 = Debug|Any CPU
		{C1F0AC49-77A9-41BB-9C15-7A27D9E3E924}.Release|Any CPU.ActiveCfg = Release|Any CPU
		{C1F0AC49-77A9-41BB-9C15-7A27D9E3E924}.Release|Any CPU.Build.0 = Release|Any CPU
		{7F78E617-27A4-4EFF-8A40-47EC346835E5}.Debug|Any CPU.ActiveCfg = Debug|Any CPU
		{7F78E617-27A4-4EFF-8A40-47EC346835E5}.Debug|Any CPU.Build.0 = Debug|Any CPU
		{7F78E617-27A4-4EFF-8A40-47EC346835E5}.Release|Any CPU.ActiveCfg = Release|Any CPU
		{7F78E617-27A4-4EFF-8A40-47EC346835E5}.Release|Any CPU.Build.0 = Release|Any CPU
		{1A0D2CBA-33D4-4204-AF8F-DEE05AC0E5DE}.Debug|Any CPU.ActiveCfg = Debug|Any CPU
		{1A0D2CBA-33D4-4204-AF8F-DEE05AC0E5DE}.Debug|Any CPU.Build.0 = Debug|Any CPU
		{1A0D2CBA-33D4-4204-AF8F-DEE05AC0E5DE}.Release|Any CPU.ActiveCfg = Release|Any CPU
		{1A0D2CBA-33D4-4204-AF8F-DEE05AC0E5DE}.Release|Any CPU.Build.0 = Release|Any CPU
		{0A42EFB8-4D3C-43A6-9830-CB244CC53E13}.Debug|Any CPU.ActiveCfg = Debug|Any CPU
		{0A42EFB8-4D3C-43A6-9830-CB244CC53E13}.Debug|Any CPU.Build.0 = Debug|Any CPU
		{0A42EFB8-4D3C-43A6-9830-CB244CC53E13}.Release|Any CPU.ActiveCfg = Release|Any CPU
		{0A42EFB8-4D3C-43A6-9830-CB244CC53E13}.Release|Any CPU.Build.0 = Release|Any CPU
		{AAED278A-C09E-4B1B-B49D-B13A5CA145A7}.Debug|Any CPU.ActiveCfg = Debug|Any CPU
		{AAED278A-C09E-4B1B-B49D-B13A5CA145A7}.Debug|Any CPU.Build.0 = Debug|Any CPU
		{AAED278A-C09E-4B1B-B49D-B13A5CA145A7}.Release|Any CPU.ActiveCfg = Release|Any CPU
		{AAED278A-C09E-4B1B-B49D-B13A5CA145A7}.Release|Any CPU.Build.0 = Release|Any CPU
	EndGlobalSection
	GlobalSection(SolutionProperties) = preSolution
		HideSolutionNode = FALSE
	EndGlobalSection
	GlobalSection(ExtensibilityGlobals) = postSolution
		SolutionGuid = {50129638-29EC-4D4E-BFF5-4D97D3DB3BF7}
	EndGlobalSection
EndGlobal
