
Microsoft Visual Studio Solution File, Format Version 12.00
# Visual Studio Version 17
VisualStudioVersion = 17.7.34031.279
MinimumVisualStudioVersion = 10.0.40219.1
Project("{FAE04EC0-301F-11D3-BF4B-00C04F79EFBC}") = "exe1", "exe1\exe1.csproj", "{A52CF344-1FB0-4A07-89AD-1AC227D07FB0}"
EndProject
Project("{FAE04EC0-301F-11D3-BF4B-00C04F79EFBC}") = "exe2", "exe2\exe2.csproj", "{354725F9-6461-4BF5-99D2-A403C3CBAD10}"
EndProject
Project("{FAE04EC0-301F-11D3-BF4B-00C04F79EFBC}") = "exe3", "exe3\exe3.csproj", "{AB62E3DA-10FF-4EC0-B9B5-BEE879B462CA}"
EndProject
Project("{FAE04EC0-301F-11D3-BF4B-00C04F79EFBC}") = "exe4", "exe4\exe4.csproj", "{7EB2EB70-5CC1-4B8B-A8A9-CBFE61F89041}"
EndProject
Global
	GlobalSection(SolutionConfigurationPlatforms) = preSolution
		Debug|Any CPU = Debug|Any CPU
		Release|Any CPU = Release|Any CPU
	EndGlobalSection
	GlobalSection(ProjectConfigurationPlatforms) = postSolution
		{A52CF344-1FB0-4A07-89AD-1AC227D07FB0}.Debug|Any CPU.ActiveCfg = Debug|Any CPU
		{A52CF344-1FB0-4A07-89AD-1AC227D07FB0}.Debug|Any CPU.Build.0 = Debug|Any CPU
		{A52CF344-1FB0-4A07-89AD-1AC227D07FB0}.Release|Any CPU.ActiveCfg = Release|Any CPU
		{A52CF344-1FB0-4A07-89AD-1AC227D07FB0}.Release|Any CPU.Build.0 = Release|Any CPU
		{354725F9-6461-4BF5-99D2-A403C3CBAD10}.Debug|Any CPU.ActiveCfg = Debug|Any CPU
		{354725F9-6461-4BF5-99D2-A403C3CBAD10}.Debug|Any CPU.Build.0 = Debug|Any CPU
		{354725F9-6461-4BF5-99D2-A403C3CBAD10}.Release|Any CPU.ActiveCfg = Release|Any CPU
		{354725F9-6461-4BF5-99D2-A403C3CBAD10}.Release|Any CPU.Build.0 = Release|Any CPU
		{AB62E3DA-10FF-4EC0-B9B5-BEE879B462CA}.Debug|Any CPU.ActiveCfg = Debug|Any CPU
		{AB62E3DA-10FF-4EC0-B9B5-BEE879B462CA}.Debug|Any CPU.Build.0 = Debug|Any CPU
		{AB62E3DA-10FF-4EC0-B9B5-BEE879B462CA}.Release|Any CPU.ActiveCfg = Release|Any CPU
		{AB62E3DA-10FF-4EC0-B9B5-BEE879B462CA}.Release|Any CPU.Build.0 = Release|Any CPU
		{7EB2EB70-5CC1-4B8B-A8A9-CBFE61F89041}.Debug|Any CPU.ActiveCfg = Debug|Any CPU
		{7EB2EB70-5CC1-4B8B-A8A9-CBFE61F89041}.Debug|Any CPU.Build.0 = Debug|Any CPU
		{7EB2EB70-5CC1-4B8B-A8A9-CBFE61F89041}.Release|Any CPU.ActiveCfg = Release|Any CPU
		{7EB2EB70-5CC1-4B8B-A8A9-CBFE61F89041}.Release|Any CPU.Build.0 = Release|Any CPU
	EndGlobalSection
	GlobalSection(SolutionProperties) = preSolution
		HideSolutionNode = FALSE
	EndGlobalSection
	GlobalSection(ExtensibilityGlobals) = postSolution
		SolutionGuid = {185AA1AC-C247-4C89-99A9-791854D7688A}
	EndGlobalSection
EndGlobal
